{
  "nodes": {
    "aeson-1520": {
      "flake": false,
      "locked": {
        "narHash": "sha256-btKp7CTOgC0wT33lROffARW9qr1jx9oKE5EWydaR52c=",
        "type": "tarball",
        "url": "https://hackage.haskell.org/package/aeson-1.5.2.0/aeson-1.5.2.0.tar.gz"
      },
      "original": {
        "type": "tarball",
        "url": "https://hackage.haskell.org/package/aeson-1.5.2.0/aeson-1.5.2.0.tar.gz"
      }
    },
    "brittany-01312": {
      "flake": false,
      "locked": {
        "narHash": "sha256-4rDE2bu4C8cv1D6lkTtLxMwLRyDfIK70BnptSrygK60=",
        "type": "tarball",
        "url": "https://hackage.haskell.org/package/brittany-0.13.1.2/brittany-0.13.1.2.tar.gz"
      },
      "original": {
        "type": "tarball",
        "url": "https://hackage.haskell.org/package/brittany-0.13.1.2/brittany-0.13.1.2.tar.gz"
      }
    },
    "constraints-extras": {
      "flake": false,
      "locked": {
        "narHash": "sha256-WGDSpT37RrHwpQtExGkL5eEmBk/s9b0rxtT9DYqSGg4=",
        "type": "tarball",
        "url": "https://hackage.haskell.org/package/constraints-extras-0.3.2.1/constraints-extras-0.3.2.1.tar.gz"
      },
      "original": {
        "type": "tarball",
        "url": "https://hackage.haskell.org/package/constraints-extras-0.3.2.1/constraints-extras-0.3.2.1.tar.gz"
      }
    },
    "easy-purescript-nix": {
      "flake": false,
      "locked": {
        "lastModified": 1661176895,
        "narHash": "sha256-fA0HEajsXLgI+dRJBYysFExELU8o/TgRnrm2UAju6Q0=",
        "owner": "justinwoo",
        "repo": "easy-purescript-nix",
        "rev": "5926981701ac781f08b02e31e4705e46b799299d",
        "type": "github"
      },
      "original": {
        "owner": "justinwoo",
        "repo": "easy-purescript-nix",
        "rev": "5926981701ac781f08b02e31e4705e46b799299d",
        "type": "github"
      }
    },
    "flake-compat": {
      "flake": false,
      "locked": {
        "lastModified": 1650374568,
        "narHash": "sha256-Z+s0J8/r907g149rllvwhb4pKi8Wam5ij0st8PwAh+E=",
        "owner": "edolstra",
        "repo": "flake-compat",
        "rev": "b4a34015c698c7793d592d66adbab377907a2be8",
        "type": "github"
      },
      "original": {
        "owner": "edolstra",
        "repo": "flake-compat",
        "rev": "b4a34015c698c7793d592d66adbab377907a2be8",
        "type": "github"
      }
    },
    "flake-compat_2": {
      "flake": false,
      "locked": {
        "lastModified": 1650374568,
        "narHash": "sha256-Z+s0J8/r907g149rllvwhb4pKi8Wam5ij0st8PwAh+E=",
        "owner": "edolstra",
        "repo": "flake-compat",
        "rev": "b4a34015c698c7793d592d66adbab377907a2be8",
        "type": "github"
      },
      "original": {
        "owner": "edolstra",
        "repo": "flake-compat",
        "type": "github"
      }
    },
    "flake-utils": {
      "locked": {
        "lastModified": 1659877975,
        "narHash": "sha256-zllb8aq3YO3h8B/U0/J1WBgAL8EX5yWf5pMj3G0NAmc=",
        "owner": "numtide",
        "repo": "flake-utils",
        "rev": "c0e246b9b83f637f4681389ecabcb2681b4f3af0",
        "type": "github"
      },
      "original": {
        "owner": "numtide",
        "repo": "flake-utils",
        "rev": "c0e246b9b83f637f4681389ecabcb2681b4f3af0",
        "type": "github"
      }
    },
    "flake-utils_2": {
      "locked": {
        "lastModified": 1656928814,
        "narHash": "sha256-RIFfgBuKz6Hp89yRr7+NR5tzIAbn52h8vT6vXkYjZoM=",
        "owner": "numtide",
        "repo": "flake-utils",
        "rev": "7e2a3b3dfd9af950a856d66b0a7d01e3c18aa249",
        "type": "github"
      },
      "original": {
        "owner": "numtide",
        "repo": "flake-utils",
        "type": "github"
      }
    },
    "flake-utils_3": {
      "locked": {
        "lastModified": 1656928814,
        "narHash": "sha256-RIFfgBuKz6Hp89yRr7+NR5tzIAbn52h8vT6vXkYjZoM=",
        "owner": "numtide",
        "repo": "flake-utils",
        "rev": "7e2a3b3dfd9af950a856d66b0a7d01e3c18aa249",
        "type": "github"
      },
      "original": {
        "owner": "numtide",
        "repo": "flake-utils",
        "type": "github"
      }
    },
    "fourmolu": {
      "flake": false,
      "locked": {
        "narHash": "sha256-uo5UE2SzrimnZl+JjJ30Hlg/nIw1OXJTPFIgkQopaI0=",
        "type": "tarball",
        "url": "https://hackage.haskell.org/package/fourmolu-0.5.0.1/fourmolu-0.5.0.1.tar.gz"
      },
      "original": {
        "type": "tarball",
        "url": "https://hackage.haskell.org/package/fourmolu-0.5.0.1/fourmolu-0.5.0.1.tar.gz"
      }
    },
    "fourmolu-0300": {
      "flake": false,
      "locked": {
        "narHash": "sha256-SFBwhkXfDArITiBSxGSp2qf8gl+yBpWHglBB5aKeaBU=",
        "type": "tarball",
        "url": "https://hackage.haskell.org/package/fourmolu-0.3.0.0/fourmolu-0.3.0.0.tar.gz"
      },
      "original": {
        "type": "tarball",
        "url": "https://hackage.haskell.org/package/fourmolu-0.3.0.0/fourmolu-0.3.0.0.tar.gz"
      }
    },
    "ghc-exactprint": {
      "flake": false,
      "locked": {
        "narHash": "sha256-8OWLBQj0WYi1f91EE3d5Pq+lTjY+FQei37NEedDtKeo=",
        "type": "tarball",
        "url": "https://hackage.haskell.org/package/ghc-exactprint-1.4.1/ghc-exactprint-1.4.1.tar.gz"
      },
      "original": {
        "type": "tarball",
        "url": "https://hackage.haskell.org/package/ghc-exactprint-1.4.1/ghc-exactprint-1.4.1.tar.gz"
      }
    },
    "ghc-exactprint-150": {
      "flake": false,
      "locked": {
        "narHash": "sha256-f+WmS86c7B0dx2SMABIMm66z6sbRVWdqSZ1QBBEpUMw=",
        "type": "tarball",
        "url": "https://hackage.haskell.org/package/ghc-exactprint-1.5.0/ghc-exactprint-1.5.0.tar.gz"
      },
      "original": {
        "type": "tarball",
        "url": "https://hackage.haskell.org/package/ghc-exactprint-1.5.0/ghc-exactprint-1.5.0.tar.gz"
      }
    },
    "gitignore": {
      "inputs": {
        "nixpkgs": [
          "nixpkgs"
        ]
      },
      "locked": {
        "lastModified": 1660459072,
        "narHash": "sha256-8DFJjXG8zqoONA1vXtgeKXy68KdJL5UaXR8NtVMUbx8=",
        "owner": "hercules-ci",
        "repo": "gitignore.nix",
        "rev": "a20de23b925fd8264fd7fad6454652e142fd7f73",
        "type": "github"
      },
      "original": {
        "owner": "hercules-ci",
        "repo": "gitignore.nix",
        "rev": "a20de23b925fd8264fd7fad6454652e142fd7f73",
        "type": "github"
      }
    },
    "gitignore_2": {
      "flake": false,
      "locked": {
        "lastModified": 1657706534,
        "narHash": "sha256-5jIzNHKtDu06mA325K/5CshUVb5r7sSmnRiula6Gr7o=",
        "owner": "hercules-ci",
        "repo": "gitignore.nix",
        "rev": "f840a659d57e53fa751a9248b17149fd0cf2a221",
        "type": "github"
      },
      "original": {
        "owner": "hercules-ci",
        "repo": "gitignore.nix",
        "type": "github"
      }
    },
    "hie-bios": {
      "flake": false,
      "locked": {
        "narHash": "sha256-5RqspT27rb/tMBwrKr4VfSSbq0+c0LMNuaKlTun0Kkk=",
        "type": "tarball",
        "url": "https://hackage.haskell.org/package/hie-bios-0.9.1/hie-bios-0.9.1.tar.gz"
      },
      "original": {
        "type": "tarball",
        "url": "https://hackage.haskell.org/package/hie-bios-0.9.1/hie-bios-0.9.1.tar.gz"
      }
    },
    "hlint": {
      "flake": false,
      "locked": {
        "narHash": "sha256-Kz6adx97kY7ojoDlw3y0R6LQ0h/EtXGR5+N07/b6uGk=",
        "type": "tarball",
        "url": "https://hackage.haskell.org/package/hlint-3.3.6/hlint-3.3.6.tar.gz"
      },
      "original": {
        "type": "tarball",
        "url": "https://hackage.haskell.org/package/hlint-3.3.6/hlint-3.3.6.tar.gz"
      }
    },
    "hlint-34": {
      "flake": false,
      "locked": {
        "narHash": "sha256-mDncRtVkjWnUbZc1fgDMGcGjy8CFNxUF8z2HGuuN7GU=",
        "type": "tarball",
        "url": "https://hackage.haskell.org/package/hlint-3.4/hlint-3.4.tar.gz"
      },
      "original": {
        "type": "tarball",
        "url": "https://hackage.haskell.org/package/hlint-3.4/hlint-3.4.tar.gz"
      }
    },
    "hls": {
      "inputs": {
        "aeson-1520": "aeson-1520",
        "brittany-01312": "brittany-01312",
        "constraints-extras": "constraints-extras",
        "flake-compat": "flake-compat_2",
        "flake-utils": "flake-utils_2",
        "fourmolu": "fourmolu",
        "fourmolu-0300": "fourmolu-0300",
        "ghc-exactprint": "ghc-exactprint",
        "ghc-exactprint-150": "ghc-exactprint-150",
        "gitignore": "gitignore_2",
        "hie-bios": "hie-bios",
        "hlint": "hlint",
        "hlint-34": "hlint-34",
        "implicit-hie-cradle": "implicit-hie-cradle",
        "lsp": "lsp",
        "lsp-test": "lsp-test",
        "lsp-types": "lsp-types",
        "myst-parser": "myst-parser",
        "nixpkgs": [
          "nixpkgs"
        ],
        "poetry2nix": "poetry2nix",
        "ptr-poker": "ptr-poker",
        "retrie": "retrie",
        "sphinx_rtd_theme": "sphinx_rtd_theme",
        "stylish-haskell": "stylish-haskell"
      },
      "locked": {
        "lastModified": 1660295347,
        "narHash": "sha256-gyf95Fj8KWc2BlEcKoDWg+ypbAKZrT/OcXqiJ7fxwt0=",
        "owner": "haskell",
        "repo": "haskell-language-server",
        "rev": "255498147abb1b18a9cae3c61c5558d7fc84ab31",
        "type": "github"
      },
      "original": {
        "owner": "haskell",
        "repo": "haskell-language-server",
        "rev": "255498147abb1b18a9cae3c61c5558d7fc84ab31",
        "type": "github"
      }
    },
    "implicit-hie-cradle": {
      "flake": false,
      "locked": {
        "narHash": "sha256-2NmucBBI7Qi1UGXWG27XFZRCeqeRiwVFWmJKZnp6R5U=",
        "type": "tarball",
        "url": "https://hackage.haskell.org/package/implicit-hie-cradle-0.3.0.5/implicit-hie-cradle-0.3.0.5.tar.gz"
      },
      "original": {
        "type": "tarball",
        "url": "https://hackage.haskell.org/package/implicit-hie-cradle-0.3.0.5/implicit-hie-cradle-0.3.0.5.tar.gz"
      }
    },
    "lsp": {
      "flake": false,
      "locked": {
        "narHash": "sha256-+rkFYvSAI1hyFxPkgWZReyM2P6irVDpGVUGK8mcfEJE=",
        "type": "tarball",
        "url": "https://hackage.haskell.org/package/lsp-1.5.0.0/lsp-1.5.0.0.tar.gz"
      },
      "original": {
        "type": "tarball",
        "url": "https://hackage.haskell.org/package/lsp-1.5.0.0/lsp-1.5.0.0.tar.gz"
      }
    },
    "lsp-test": {
      "flake": false,
      "locked": {
        "narHash": "sha256-TXRy/VT94Cn0BPtiL65c7UqahyJZgUtBQQgESZacrdY=",
        "type": "tarball",
        "url": "https://hackage.haskell.org/package/lsp-test-0.14.0.3/lsp-test-0.14.0.3.tar.gz"
      },
      "original": {
        "type": "tarball",
        "url": "https://hackage.haskell.org/package/lsp-test-0.14.0.3/lsp-test-0.14.0.3.tar.gz"
      }
    },
    "lsp-types": {
      "flake": false,
      "locked": {
        "narHash": "sha256-q4XTvIvsLvISjgedpRktJbWsWHSRIQbOx2Z/2u+3s50=",
        "type": "tarball",
        "url": "https://hackage.haskell.org/package/lsp-types-1.5.0.0/lsp-types-1.5.0.0.tar.gz"
      },
      "original": {
        "type": "tarball",
        "url": "https://hackage.haskell.org/package/lsp-types-1.5.0.0/lsp-types-1.5.0.0.tar.gz"
      }
    },
    "my-codium": {
      "inputs": {
        "easy-purescript-nix": "easy-purescript-nix",
        "flake-utils": [
          "flake-utils"
        ],
        "nix-vsode-marketplace": "nix-vsode-marketplace",
        "nixpkgs": [
          "nixpkgs"
        ],
        "vscode-marketplace": "vscode-marketplace"
      },
      "locked": {
        "dir": "codium",
        "lastModified": 1662237546,
        "narHash": "sha256-Fj2OnFCvrA24gY1U4RthhTDai/Jo9vfWqnyk4o7BVnA=",
        "owner": "br4ch1st0chr0n3",
        "repo": "flakes",
        "rev": "5317c7a3882a96bc8ee92bb4979edaac6047a183",
        "type": "github"
      },
      "original": {
        "dir": "codium",
        "owner": "br4ch1st0chr0n3",
        "repo": "flakes",
        "rev": "5317c7a3882a96bc8ee92bb4979edaac6047a183",
        "type": "github"
      }
    },
    "myst-parser": {
      "flake": false,
      "locked": {
        "lastModified": 1650933355,
        "narHash": "sha256-Osd3urvH1bn9w/6sAMyLKHO7gxuYePpGJ9y8ReBfp4E=",
        "owner": "smunix",
        "repo": "MyST-Parser",
        "rev": "57d0d78169a0e157406c35df951bdffdf94b4f9b",
        "type": "github"
      },
      "original": {
        "owner": "smunix",
        "ref": "fix.hls-docutils",
        "repo": "MyST-Parser",
        "type": "github"
      }
    },
    "niv": {
      "flake": false,
      "locked": {
        "lastModified": 1651852951,
        "narHash": "sha256-RxUjVd3zYyKbxNlT4jFiml+hDbxP3xHHiA+wX1MQFCQ=",
        "owner": "nmattia",
        "repo": "niv",
        "rev": "82e5cd1ad3c387863f0545d7591512e76ab0fc41",
        "type": "github"
      },
      "original": {
        "owner": "nmattia",
        "repo": "niv",
        "rev": "82e5cd1ad3c387863f0545d7591512e76ab0fc41",
        "type": "github"
      }
    },
    "nix-vsode-marketplace": {
      "inputs": {
        "flake-utils": [
          "my-codium",
          "flake-utils"
        ],
        "nixpkgs": [
          "my-codium",
          "nixpkgs"
        ]
      },
      "locked": {
        "lastModified": 1661966948,
        "narHash": "sha256-x7W1E9RmurdVWnVESv//2TAkxYMiw/kXMb6H9PZf6Wc=",
        "owner": "br4ch1st0chr0n3",
        "repo": "nix-vscode-marketplace",
        "rev": "d567fba043784bb456407f60c21230ea4d82253f",
        "type": "github"
      },
      "original": {
        "owner": "br4ch1st0chr0n3",
        "repo": "nix-vscode-marketplace",
        "rev": "d567fba043784bb456407f60c21230ea4d82253f",
        "type": "github"
      }
    },
    "nixpkgs": {
      "locked": {
        "lastModified": 1657888067,
        "narHash": "sha256-GnwJoFBTPfW3+mz7QEeJEEQ9OMHZOiIJ/qDhZxrlKh8=",
        "owner": "NixOS",
        "repo": "nixpkgs",
        "rev": "65fae659e31098ca4ac825a6fef26d890aaf3f4e",
        "type": "github"
      },
      "original": {
        "owner": "NixOS",
        "repo": "nixpkgs",
        "type": "github"
      }
    },
    "nixpkgs_2": {
      "locked": {
        "lastModified": 1660722407,
        "narHash": "sha256-ERp5KP2dbnMWNWlVtUm594xernNNvpZx7uKOe2ips7M=",
        "owner": "NixOS",
        "repo": "nixpkgs",
        "rev": "cd8bbdd4fdb15f7758fd3c8df531e9d42bee239d",
        "type": "github"
      },
      "original": {
        "owner": "NixOS",
        "repo": "nixpkgs",
        "rev": "cd8bbdd4fdb15f7758fd3c8df531e9d42bee239d",
        "type": "github"
      }
    },
    "nixpkgs_3": {
      "locked": {
        "lastModified": 1645655918,
        "narHash": "sha256-ZfbEFRW7o237+A1P7eTKhXje435FCAoe0blj2n20Was=",
        "owner": "nixos",
        "repo": "nixpkgs",
        "rev": "77a7a4197740213879b9a1d2e1788c6c8ade4274",
        "type": "github"
      },
      "original": {
        "id": "nixpkgs",
        "type": "indirect"
      }
    },
    "poetry2nix": {
      "inputs": {
        "flake-utils": "flake-utils_3",
        "nixpkgs": "nixpkgs"
      },
      "locked": {
        "lastModified": 1660542485,
        "narHash": "sha256-XfklMwJMLB7bLI5ZnQTrNaK7KyBnElLGoWOL++XO3zk=",
        "owner": "nix-community",
        "repo": "poetry2nix",
        "rev": "8b6239cf2ded121f8f3d570d2563d69f05d4208f",
        "type": "github"
      },
      "original": {
        "owner": "nix-community",
        "ref": "master",
        "repo": "poetry2nix",
        "type": "github"
      }
    },
    "pre-commit-hooks-nix": {
      "inputs": {
        "flake-utils": [
          "flake-utils"
        ],
        "nixpkgs": "nixpkgs_3"
      },
      "locked": {
        "lastModified": 1660830093,
        "narHash": "sha256-HUhx3a82C7bgp2REdGFeHJdhEAzMGCk3V8xIvfBqg1I=",
        "owner": "cachix",
        "repo": "pre-commit-hooks.nix",
        "rev": "8cb8ea5f1c7bc2984f460587fddd5f2e558f6eb8",
        "type": "github"
      },
      "original": {
        "owner": "cachix",
        "repo": "pre-commit-hooks.nix",
        "rev": "8cb8ea5f1c7bc2984f460587fddd5f2e558f6eb8",
        "type": "github"
      }
    },
    "ptr-poker": {
      "flake": false,
      "locked": {
        "narHash": "sha256-ll3wuUjkhTE8Grcs8LfGpdiuyobrSBmwgjqPOTlrPac=",
        "type": "tarball",
        "url": "https://hackage.haskell.org/package/ptr-poker-0.1.2.8/ptr-poker-0.1.2.8.tar.gz"
      },
      "original": {
        "type": "tarball",
        "url": "https://hackage.haskell.org/package/ptr-poker-0.1.2.8/ptr-poker-0.1.2.8.tar.gz"
      }
    },
    "retrie": {
      "flake": false,
      "locked": {
        "narHash": "sha256-SrUyFea9Qr2SYeNVDJfWZfCguJV2rHK2mO/FO4xLFaY=",
        "type": "tarball",
        "url": "https://hackage.haskell.org/package/retrie-1.2.0.1/retrie-1.2.0.1.tar.gz"
      },
      "original": {
        "type": "tarball",
        "url": "https://hackage.haskell.org/package/retrie-1.2.0.1/retrie-1.2.0.1.tar.gz"
      }
    },
    "root": {
      "inputs": {
        "flake-compat": "flake-compat",
        "flake-utils": "flake-utils",
        "gitignore": "gitignore",
        "hls": "hls",
        "my-codium": "my-codium",
        "niv": "niv",
        "nixpkgs": "nixpkgs_2",
        "pre-commit-hooks-nix": "pre-commit-hooks-nix"
      }
    },
    "sphinx_rtd_theme": {
      "flake": false,
      "locked": {
        "lastModified": 1628276861,
        "narHash": "sha256-fzqi0QfDSiN8YXtAiWXIoOlyHZQI4V32uOKZjPfWeWY=",
        "owner": "readthedocs",
        "repo": "sphinx_rtd_theme",
        "rev": "34f81daaf52466366c80003db293d50075c1b896",
        "type": "github"
      },
      "original": {
        "owner": "readthedocs",
        "repo": "sphinx_rtd_theme",
        "rev": "34f81daaf52466366c80003db293d50075c1b896",
        "type": "github"
      }
    },
    "stylish-haskell": {
      "flake": false,
      "locked": {
        "narHash": "sha256-oZSR5UQ+ieMFRq7MvL0sJqOblMk74awvcepuT+JHYtA=",
        "type": "tarball",
        "url": "https://hackage.haskell.org/package/stylish-haskell-0.14.2.0/stylish-haskell-0.14.2.0.tar.gz"
      },
      "original": {
        "type": "tarball",
        "url": "https://hackage.haskell.org/package/stylish-haskell-0.14.2.0/stylish-haskell-0.14.2.0.tar.gz"
      }
    },
    "vscode-marketplace": {
      "inputs": {
        "flake-utils": [
          "my-codium",
          "flake-utils"
        ],
        "nixpkgs": [
          "my-codium",
          "nixpkgs"
        ]
      },
      "locked": {
        "lastModified": 1661482953,
        "narHash": "sha256-eLRiaRHQjHtr/aUu085EODxHfPXlaJS5V7kBiGr7VDo=",
        "owner": "AmeerTaweel",
        "repo": "nix-vscode-marketplace",
        "rev": "499969e5c64daf3d20cb077a6230438d490200c1",
        "type": "github"
      },
      "original": {
        "owner": "AmeerTaweel",
        "repo": "nix-vscode-marketplace",
        "rev": "499969e5c64daf3d20cb077a6230438d490200c1",
        "type": "github"
      }
    }
  },
  "root": "root",
  "version": 7
}
